
Microsoft Visual Studio Solution File, Format Version 12.00
# Visual Studio Version 17
VisualStudioVersion = 17.3.32901.215
MinimumVisualStudioVersion = 10.0.40219.1
Project("{FAE04EC0-301F-11D3-BF4B-00C04F79EFBC}") = "WebParqueo", "WebParqueo\WebParqueo.csproj", "{87F86A0C-EA40-4CD8-A9AC-3DE8153AF74C}"
EndProject
Project("{FAE04EC0-301F-11D3-BF4B-00C04F79EFBC}") = "WebParqueoUsuario", "Usuario\WebParqueoUsuario.csproj", "{392B1537-C322-4D06-B6D4-AA1F9E14345E}"
EndProject
Global
	GlobalSection(SolutionConfigurationPlatforms) = preSolution
		Debug|Any CPU = Debug|Any CPU
		Release|Any CPU = Release|Any CPU
	EndGlobalSection
	GlobalSection(ProjectConfigurationPlatforms) = postSolution
		{87F86A0C-EA40-4CD8-A9AC-3DE8153AF74C}.Debug|Any CPU.ActiveCfg = Debug|Any CPU
		{87F86A0C-EA40-4CD8-A9AC-3DE8153AF74C}.Debug|Any CPU.Build.0 = Debug|Any CPU
		{87F86A0C-EA40-4CD8-A9AC-3DE8153AF74C}.Release|Any CPU.ActiveCfg = Release|Any CPU
		{87F86A0C-EA40-4CD8-A9AC-3DE8153AF74C}.Release|Any CPU.Build.0 = Release|Any CPU
		{392B1537-C322-4D06-B6D4-AA1F9E14345E}.Debug|Any CPU.ActiveCfg = Debug|Any CPU
		{392B1537-C322-4D06-B6D4-AA1F9E14345E}.Debug|Any CPU.Build.0 = Debug|Any CPU
		{392B1537-C322-4D06-B6D4-AA1F9E14345E}.Release|Any CPU.ActiveCfg = Release|Any CPU
		{392B1537-C322-4D06-B6D4-AA1F9E14345E}.Release|Any CPU.Build.0 = Release|Any CPU
	EndGlobalSection
	GlobalSection(SolutionProperties) = preSolution
		HideSolutionNode = FALSE
	EndGlobalSection
	GlobalSection(ExtensibilityGlobals) = postSolution
		SolutionGuid = {6D8D53F9-2B3C-41A8-A728-3E4CD6E9665E}
	EndGlobalSection
EndGlobal
